
Microsoft Visual Studio Solution File, Format Version 12.00
# Visual Studio Version 17
VisualStudioVersion = 17.0.32126.317
MinimumVisualStudioVersion = 10.0.40219.1
Project("{FAE04EC0-301F-11D3-BF4B-00C04F79EFBC}") = "GroundManagmentSystem", "GroundManagmentSystem\GroundManagmentSystem.csproj", "{868385AD-C8AC-41B4-9235-299C53A17254}"
EndProject
Global
	GlobalSection(SolutionConfigurationPlatforms) = preSolution
		Debug|Any CPU = Debug|Any CPU
		Release|Any CPU = Release|Any CPU
	EndGlobalSection
	GlobalSection(ProjectConfigurationPlatforms) = postSolution
		{868385AD-C8AC-41B4-9235-299C53A17254}.Debug|Any CPU.ActiveCfg = Debug|Any CPU
		{868385AD-C8AC-41B4-9235-299C53A17254}.Debug|Any CPU.Build.0 = Debug|Any CPU
		{868385AD-C8AC-41B4-9235-299C53A17254}.Release|Any CPU.ActiveCfg = Release|Any CPU
		{868385AD-C8AC-41B4-9235-299C53A17254}.Release|Any CPU.Build.0 = Release|Any CPU
	EndGlobalSection
	GlobalSection(SolutionProperties) = preSolution
		HideSolutionNode = FALSE
	EndGlobalSection
	GlobalSection(ExtensibilityGlobals) = postSolution
		SolutionGuid = {E8477DF9-DAD1-4BB5-B5DE-B794067E1068}
	EndGlobalSection
EndGlobal
